// !$*UTF8*$!
{
	archiveVersion = 1;
	classes = {
	};
	objectVersion = 51;
	objects = {

/* Begin PBXBuildFile section */
		312189F8CE828FB7D6C67582 /* Pods_eskiclient.framework in Frameworks */ = {isa = PBXBuildFile; fileRef = 85403D40BDBE45F1FE17A7B4 /* Pods_eskiclient.framework */; };
		6EFD1EC3231528F3005941F1 /* AppDelegate.swift in Sources */ = {isa = PBXBuildFile; fileRef = 6EFD1EC2231528F3005941F1 /* AppDelegate.swift */; };
		6EFD1EC5231528F3005941F1 /* HomePageVC.swift in Sources */ = {isa = PBXBuildFile; fileRef = 6EFD1EC4231528F3005941F1 /* HomePageVC.swift */; };
		6EFD1ECA231528F5005941F1 /* Assets.xcassets in Resources */ = {isa = PBXBuildFile; fileRef = 6EFD1EC9231528F5005941F1 /* Assets.xcassets */; };
		6EFD1ECD231528F5005941F1 /* LaunchScreen.storyboard in Resources */ = {isa = PBXBuildFile; fileRef = 6EFD1ECB231528F5005941F1 /* LaunchScreen.storyboard */; };
		6EFD1ED523152A79005941F1 /* GoogleService-Info.plist in Resources */ = {isa = PBXBuildFile; fileRef = 6EFD1ED423152A79005941F1 /* GoogleService-Info.plist */; };
		6EFD1ED723153796005941F1 /* Coordinator.swift in Sources */ = {isa = PBXBuildFile; fileRef = 6EFD1ED623153796005941F1 /* Coordinator.swift */; };
		6EFD1ED923153850005941F1 /* AppCoordinator.swift in Sources */ = {isa = PBXBuildFile; fileRef = 6EFD1ED823153850005941F1 /* AppCoordinator.swift */; };
		6EFD1EDB23153952005941F1 /* EksiAPI.swift in Sources */ = {isa = PBXBuildFile; fileRef = 6EFD1EDA23153952005941F1 /* EksiAPI.swift */; };
		6EFD1EDD23155972005941F1 /* Networkable.swift in Sources */ = {isa = PBXBuildFile; fileRef = 6EFD1EDC23155972005941F1 /* Networkable.swift */; };
		6EFD1EDF23155A6E005941F1 /* HomePageHeading.swift in Sources */ = {isa = PBXBuildFile; fileRef = 6EFD1EDE23155A6E005941F1 /* HomePageHeading.swift */; };
		6EFD1EE123155B77005941F1 /* NetworkManager.swift in Sources */ = {isa = PBXBuildFile; fileRef = 6EFD1EE023155B77005941F1 /* NetworkManager.swift */; };
/* End PBXBuildFile section */

/* Begin PBXFileReference section */
		232BE6828454E87804F7F1B0 /* Pods-eskiclient.release.xcconfig */ = {isa = PBXFileReference; includeInIndex = 1; lastKnownFileType = text.xcconfig; name = "Pods-eskiclient.release.xcconfig"; path = "Target Support Files/Pods-eskiclient/Pods-eskiclient.release.xcconfig"; sourceTree = "<group>"; };
		6EFD1EBF231528F3005941F1 /* eskiclient.app */ = {isa = PBXFileReference; explicitFileType = wrapper.application; includeInIndex = 0; path = eskiclient.app; sourceTree = BUILT_PRODUCTS_DIR; };
		6EFD1EC2231528F3005941F1 /* AppDelegate.swift */ = {isa = PBXFileReference; lastKnownFileType = sourcecode.swift; path = AppDelegate.swift; sourceTree = "<group>"; };
		6EFD1EC4231528F3005941F1 /* HomePageVC.swift */ = {isa = PBXFileReference; lastKnownFileType = sourcecode.swift; path = HomePageVC.swift; sourceTree = "<group>"; };
		6EFD1EC9231528F5005941F1 /* Assets.xcassets */ = {isa = PBXFileReference; lastKnownFileType = folder.assetcatalog; path = Assets.xcassets; sourceTree = "<group>"; };
		6EFD1ECC231528F5005941F1 /* Base */ = {isa = PBXFileReference; lastKnownFileType = file.storyboard; name = Base; path = Base.lproj/LaunchScreen.storyboard; sourceTree = "<group>"; };
		6EFD1ECE231528F5005941F1 /* Info.plist */ = {isa = PBXFileReference; lastKnownFileType = text.plist.xml; path = Info.plist; sourceTree = "<group>"; };
		6EFD1ED423152A79005941F1 /* GoogleService-Info.plist */ = {isa = PBXFileReference; fileEncoding = 4; lastKnownFileType = text.plist.xml; name = "GoogleService-Info.plist"; path = "assets/GoogleService-Info.plist"; sourceTree = SOURCE_ROOT; };
		6EFD1ED623153796005941F1 /* Coordinator.swift */ = {isa = PBXFileReference; lastKnownFileType = sourcecode.swift; path = Coordinator.swift; sourceTree = "<group>"; };
		6EFD1ED823153850005941F1 /* AppCoordinator.swift */ = {isa = PBXFileReference; lastKnownFileType = sourcecode.swift; path = AppCoordinator.swift; sourceTree = "<group>"; };
		6EFD1EDA23153952005941F1 /* EksiAPI.swift */ = {isa = PBXFileReference; lastKnownFileType = sourcecode.swift; path = EksiAPI.swift; sourceTree = "<group>"; };
		6EFD1EDC23155972005941F1 /* Networkable.swift */ = {isa = PBXFileReference; lastKnownFileType = sourcecode.swift; path = Networkable.swift; sourceTree = "<group>"; };
		6EFD1EDE23155A6E005941F1 /* HomePageHeading.swift */ = {isa = PBXFileReference; lastKnownFileType = sourcecode.swift; path = HomePageHeading.swift; sourceTree = "<group>"; };
		6EFD1EE023155B77005941F1 /* NetworkManager.swift */ = {isa = PBXFileReference; lastKnownFileType = sourcecode.swift; path = NetworkManager.swift; sourceTree = "<group>"; };
		842B38F5B970C2C72915D687 /* Pods-eskiclient.debug.xcconfig */ = {isa = PBXFileReference; includeInIndex = 1; lastKnownFileType = text.xcconfig; name = "Pods-eskiclient.debug.xcconfig"; path = "Target Support Files/Pods-eskiclient/Pods-eskiclient.debug.xcconfig"; sourceTree = "<group>"; };
		85403D40BDBE45F1FE17A7B4 /* Pods_eskiclient.framework */ = {isa = PBXFileReference; explicitFileType = wrapper.framework; includeInIndex = 0; path = Pods_eskiclient.framework; sourceTree = BUILT_PRODUCTS_DIR; };
/* End PBXFileReference section */

/* Begin PBXFrameworksBuildPhase section */
		6EFD1EBC231528F3005941F1 /* Frameworks */ = {
			isa = PBXFrameworksBuildPhase;
			buildActionMask = 2147483647;
			files = (
				312189F8CE828FB7D6C67582 /* Pods_eskiclient.framework in Frameworks */,
			);
			runOnlyForDeploymentPostprocessing = 0;
		};
/* End PBXFrameworksBuildPhase section */

/* Begin PBXGroup section */
		2A6C3374778D19E75CC32262 /* Pods */ = {
			isa = PBXGroup;
			children = (
				842B38F5B970C2C72915D687 /* Pods-eskiclient.debug.xcconfig */,
				232BE6828454E87804F7F1B0 /* Pods-eskiclient.release.xcconfig */,
			);
			path = Pods;
			sourceTree = "<group>";
		};
		6EFD1EB6231528F3005941F1 = {
			isa = PBXGroup;
			children = (
				6EFD1EC1231528F3005941F1 /* eskiclient */,
				6EFD1EC0231528F3005941F1 /* Products */,
				2A6C3374778D19E75CC32262 /* Pods */,
				9D32AAD3169E14BE95E4FA98 /* Frameworks */,
			);
			sourceTree = "<group>";
		};
		6EFD1EC0231528F3005941F1 /* Products */ = {
			isa = PBXGroup;
			children = (
				6EFD1EBF231528F3005941F1 /* eskiclient.app */,
			);
			name = Products;
			sourceTree = "<group>";
		};
		6EFD1EC1231528F3005941F1 /* eskiclient */ = {
			isa = PBXGroup;
			children = (
				6EFD1EC2231528F3005941F1 /* AppDelegate.swift */,
				6EFD1EC4231528F3005941F1 /* HomePageVC.swift */,
				6EFD1EC9231528F5005941F1 /* Assets.xcassets */,
				6EFD1ECB231528F5005941F1 /* LaunchScreen.storyboard */,
				6EFD1ED423152A79005941F1 /* GoogleService-Info.plist */,
				6EFD1ECE231528F5005941F1 /* Info.plist */,
				6EFD1ED623153796005941F1 /* Coordinator.swift */,
				6EFD1ED823153850005941F1 /* AppCoordinator.swift */,
				6EFD1EDA23153952005941F1 /* EksiAPI.swift */,
				6EFD1EDC23155972005941F1 /* Networkable.swift */,
				6EFD1EE023155B77005941F1 /* NetworkManager.swift */,
				6EFD1EDE23155A6E005941F1 /* HomePageHeading.swift */,
			);
			path = eskiclient;
			sourceTree = "<group>";
		};
		9D32AAD3169E14BE95E4FA98 /* Frameworks */ = {
			isa = PBXGroup;
			children = (
				85403D40BDBE45F1FE17A7B4 /* Pods_eskiclient.framework */,
			);
			name = Frameworks;
			sourceTree = "<group>";
		};
/* End PBXGroup section */

/* Begin PBXNativeTarget section */
		6EFD1EBE231528F3005941F1 /* eskiclient */ = {
			isa = PBXNativeTarget;
			buildConfigurationList = 6EFD1ED1231528F5005941F1 /* Build configuration list for PBXNativeTarget "eskiclient" */;
			buildPhases = (
				9482CD15D084B198965B3404 /* [CP] Check Pods Manifest.lock */,
				6EFD1EBB231528F3005941F1 /* Sources */,
				6EFD1EBC231528F3005941F1 /* Frameworks */,
				6EFD1EBD231528F3005941F1 /* Resources */,
				FF29BA266D195756B7BC246F /* [CP] Embed Pods Frameworks */,
			);
			buildRules = (
			);
			dependencies = (
			);
			name = eskiclient;
			productName = eskiclient;
			productReference = 6EFD1EBF231528F3005941F1 /* eskiclient.app */;
			productType = "com.apple.product-type.application";
		};
/* End PBXNativeTarget section */

/* Begin PBXProject section */
		6EFD1EB7231528F3005941F1 /* Project object */ = {
			isa = PBXProject;
			attributes = {
				LastSwiftUpdateCheck = 1030;
				LastUpgradeCheck = 1030;
				ORGANIZATIONNAME = "Onur Geneş";
				TargetAttributes = {
					6EFD1EBE231528F3005941F1 = {
						CreatedOnToolsVersion = 10.3;
					};
				};
			};
			buildConfigurationList = 6EFD1EBA231528F3005941F1 /* Build configuration list for PBXProject "eskiclient" */;
			compatibilityVersion = "Xcode 9.3";
			developmentRegion = en;
			hasScannedForEncodings = 0;
			knownRegions = (
				en,
				Base,
			);
			mainGroup = 6EFD1EB6231528F3005941F1;
			productRefGroup = 6EFD1EC0231528F3005941F1 /* Products */;
			projectDirPath = "";
			projectRoot = "";
			targets = (
				6EFD1EBE231528F3005941F1 /* eskiclient */,
			);
		};
/* End PBXProject section */

/* Begin PBXResourcesBuildPhase section */
		6EFD1EBD231528F3005941F1 /* Resources */ = {
			isa = PBXResourcesBuildPhase;
			buildActionMask = 2147483647;
			files = (
				6EFD1ECD231528F5005941F1 /* LaunchScreen.storyboard in Resources */,
				6EFD1ED523152A79005941F1 /* GoogleService-Info.plist in Resources */,
				6EFD1ECA231528F5005941F1 /* Assets.xcassets in Resources */,
			);
			runOnlyForDeploymentPostprocessing = 0;
		};
/* End PBXResourcesBuildPhase section */

/* Begin PBXShellScriptBuildPhase section */
		9482CD15D084B198965B3404 /* [CP] Check Pods Manifest.lock */ = {
			isa = PBXShellScriptBuildPhase;
			buildActionMask = 2147483647;
			files = (
			);
			inputFileListPaths = (
			);
			inputPaths = (
				"${PODS_PODFILE_DIR_PATH}/Podfile.lock",
				"${PODS_ROOT}/Manifest.lock",
			);
			name = "[CP] Check Pods Manifest.lock";
			outputFileListPaths = (
			);
			outputPaths = (
				"$(DERIVED_FILE_DIR)/Pods-eskiclient-checkManifestLockResult.txt",
			);
			runOnlyForDeploymentPostprocessing = 0;
			shellPath = /bin/sh;
			shellScript = "diff \"${PODS_PODFILE_DIR_PATH}/Podfile.lock\" \"${PODS_ROOT}/Manifest.lock\" > /dev/null\nif [ $? != 0 ] ; then\n    # print error to STDERR\n    echo \"error: The sandbox is not in sync with the Podfile.lock. Run 'pod install' or update your CocoaPods installation.\" >&2\n    exit 1\nfi\n# This output is used by Xcode 'outputs' to avoid re-running this script phase.\necho \"SUCCESS\" > \"${SCRIPT_OUTPUT_FILE_0}\"\n";
			showEnvVarsInLog = 0;
		};
		FF29BA266D195756B7BC246F /* [CP] Embed Pods Frameworks */ = {
			isa = PBXShellScriptBuildPhase;
			buildActionMask = 2147483647;
			files = (
			);
			inputFileListPaths = (
				"${PODS_ROOT}/Target Support Files/Pods-eskiclient/Pods-eskiclient-frameworks-${CONFIGURATION}-input-files.xcfilelist",
			);
			name = "[CP] Embed Pods Frameworks";
			outputFileListPaths = (
				"${PODS_ROOT}/Target Support Files/Pods-eskiclient/Pods-eskiclient-frameworks-${CONFIGURATION}-output-files.xcfilelist",
			);
			runOnlyForDeploymentPostprocessing = 0;
			shellPath = /bin/sh;
			shellScript = "\"${PODS_ROOT}/Target Support Files/Pods-eskiclient/Pods-eskiclient-frameworks.sh\"\n";
			showEnvVarsInLog = 0;
		};
/* End PBXShellScriptBuildPhase section */

/* Begin PBXSourcesBuildPhase section */
		6EFD1EBB231528F3005941F1 /* Sources */ = {
			isa = PBXSourcesBuildPhase;
			buildActionMask = 2147483647;
			files = (
				6EFD1EDB23153952005941F1 /* EksiAPI.swift in Sources */,
				6EFD1ED923153850005941F1 /* AppCoordinator.swift in Sources */,
				6EFD1EC5231528F3005941F1 /* HomePageVC.swift in Sources */,
				6EFD1EC3231528F3005941F1 /* AppDelegate.swift in Sources */,
				6EFD1EE123155B77005941F1 /* NetworkManager.swift in Sources */,
				6EFD1EDF23155A6E005941F1 /* HomePageHeading.swift in Sources */,
				6EFD1EDD23155972005941F1 /* Networkable.swift in Sources */,
				6EFD1ED723153796005941F1 /* Coordinator.swift in Sources */,
			);
			runOnlyForDeploymentPostprocessing = 0;
		};
/* End PBXSourcesBuildPhase section */

/* Begin PBXVariantGroup section */
		6EFD1ECB231528F5005941F1 /* LaunchScreen.storyboard */ = {
			isa = PBXVariantGroup;
			children = (
				6EFD1ECC231528F5005941F1 /* Base */,
			);
			name = LaunchScreen.storyboard;
			sourceTree = "<group>";
		};
/* End PBXVariantGroup section */

/* Begin XCBuildConfiguration section */
		6EFD1ECF231528F5005941F1 /* Debug */ = {
			isa = XCBuildConfiguration;
			buildSettings = {
				ALWAYS_SEARCH_USER_PATHS = NO;
				CLANG_ANALYZER_NONNULL = YES;
				CLANG_ANALYZER_NUMBER_OBJECT_CONVERSION = YES_AGGRESSIVE;
				CLANG_CXX_LANGUAGE_STANDARD = "gnu++14";
				CLANG_CXX_LIBRARY = "libc++";
				CLANG_ENABLE_MODULES = YES;
				CLANG_ENABLE_OBJC_ARC = YES;
				CLANG_ENABLE_OBJC_WEAK = YES;
				CLANG_WARN_BLOCK_CAPTURE_AUTORELEASING = YES;
				CLANG_WARN_BOOL_CONVERSION = YES;
				CLANG_WARN_COMMA = YES;
				CLANG_WARN_CONSTANT_CONVERSION = YES;
				CLANG_WARN_DEPRECATED_OBJC_IMPLEMENTATIONS = YES;
				CLANG_WARN_DIRECT_OBJC_ISA_USAGE = YES_ERROR;
				CLANG_WARN_DOCUMENTATION_COMMENTS = YES;
				CLANG_WARN_EMPTY_BODY = YES;
				CLANG_WARN_ENUM_CONVERSION = YES;
				CLANG_WARN_INFINITE_RECURSION = YES;
				CLANG_WARN_INT_CONVERSION = YES;
				CLANG_WARN_NON_LITERAL_NULL_CONVERSION = YES;
				CLANG_WARN_OBJC_IMPLICIT_RETAIN_SELF = YES;
				CLANG_WARN_OBJC_LITERAL_CONVERSION = YES;
				CLANG_WARN_OBJC_ROOT_CLASS = YES_ERROR;
				CLANG_WARN_RANGE_LOOP_ANALYSIS = YES;
				CLANG_WARN_STRICT_PROTOTYPES = YES;
				CLANG_WARN_SUSPICIOUS_MOVE = YES;
				CLANG_WARN_UNGUARDED_AVAILABILITY = YES_AGGRESSIVE;
				CLANG_WARN_UNREACHABLE_CODE = YES;
				CLANG_WARN__DUPLICATE_METHOD_MATCH = YES;
				CODE_SIGN_IDENTITY = "iPhone Developer";
				COPY_PHASE_STRIP = NO;
				DEBUG_INFORMATION_FORMAT = dwarf;
				ENABLE_STRICT_OBJC_MSGSEND = YES;
				ENABLE_TESTABILITY = YES;
				GCC_C_LANGUAGE_STANDARD = gnu11;
				GCC_DYNAMIC_NO_PIC = NO;
				GCC_NO_COMMON_BLOCKS = YES;
				GCC_OPTIMIZATION_LEVEL = 0;
				GCC_PREPROCESSOR_DEFINITIONS = (
					"DEBUG=1",
					"$(inherited)",
				);
				GCC_WARN_64_TO_32_BIT_CONVERSION = YES;
				GCC_WARN_ABOUT_RETURN_TYPE = YES_ERROR;
				GCC_WARN_UNDECLARED_SELECTOR = YES;
				GCC_WARN_UNINITIALIZED_AUTOS = YES_AGGRESSIVE;
				GCC_WARN_UNUSED_FUNCTION = YES;
				GCC_WARN_UNUSED_VARIABLE = YES;
				IPHONEOS_DEPLOYMENT_TARGET = 12.4;
				MTL_ENABLE_DEBUG_INFO = INCLUDE_SOURCE;
				MTL_FAST_MATH = YES;
				ONLY_ACTIVE_ARCH = YES;
				SDKROOT = iphoneos;
				SWIFT_ACTIVE_COMPILATION_CONDITIONS = DEBUG;
				SWIFT_OPTIMIZATION_LEVEL = "-Onone";
			};
			name = Debug;
		};
		6EFD1ED0231528F5005941F1 /* Release */ = {
			isa = XCBuildConfiguration;
			buildSettings = {
				ALWAYS_SEARCH_USER_PATHS = NO;
				CLANG_ANALYZER_NONNULL = YES;
				CLANG_ANALYZER_NUMBER_OBJECT_CONVERSION = YES_AGGRESSIVE;
				CLANG_CXX_LANGUAGE_STANDARD = "gnu++14";
				CLANG_CXX_LIBRARY = "libc++";
				CLANG_ENABLE_MODULES = YES;
				CLANG_ENABLE_OBJC_ARC = YES;
				CLANG_ENABLE_OBJC_WEAK = YES;
				CLANG_WARN_BLOCK_CAPTURE_AUTORELEASING = YES;
				CLANG_WARN_BOOL_CONVERSION = YES;
				CLANG_WARN_COMMA = YES;
				CLANG_WARN_CONSTANT_CONVERSION = YES;
				CLANG_WARN_DEPRECATED_OBJC_IMPLEMENTATIONS = YES;
				CLANG_WARN_DIRECT_OBJC_ISA_USAGE = YES_ERROR;
				CLANG_WARN_DOCUMENTATION_COMMENTS = YES;
				CLANG_WARN_EMPTY_BODY = YES;
				CLANG_WARN_ENUM_CONVERSION = YES;
				CLANG_WARN_INFINITE_RECURSION = YES;
				CLANG_WARN_INT_CONVERSION = YES;
				CLANG_WARN_NON_LITERAL_NULL_CONVERSION = YES;
				CLANG_WARN_OBJC_IMPLICIT_RETAIN_SELF = YES;
				CLANG_WARN_OBJC_LITERAL_CONVERSION = YES;
				CLANG_WARN_OBJC_ROOT_CLASS = YES_ERROR;
				CLANG_WARN_RANGE_LOOP_ANALYSIS = YES;
				CLANG_WARN_STRICT_PROTOTYPES = YES;
				CLANG_WARN_SUSPICIOUS_MOVE = YES;
				CLANG_WARN_UNGUARDED_AVAILABILITY = YES_AGGRESSIVE;
				CLANG_WARN_UNREACHABLE_CODE = YES;
				CLANG_WARN__DUPLICATE_METHOD_MATCH = YES;
				CODE_SIGN_IDENTITY = "iPhone Developer";
				COPY_PHASE_STRIP = NO;
				DEBUG_INFORMATION_FORMAT = "dwarf-with-dsym";
				ENABLE_NS_ASSERTIONS = NO;
				ENABLE_STRICT_OBJC_MSGSEND = YES;
				GCC_C_LANGUAGE_STANDARD = gnu11;
				GCC_NO_COMMON_BLOCKS = YES;
				GCC_WARN_64_TO_32_BIT_CONVERSION = YES;
				GCC_WARN_ABOUT_RETURN_TYPE = YES_ERROR;
				GCC_WARN_UNDECLARED_SELECTOR = YES;
				GCC_WARN_UNINITIALIZED_AUTOS = YES_AGGRESSIVE;
				GCC_WARN_UNUSED_FUNCTION = YES;
				GCC_WARN_UNUSED_VARIABLE = YES;
				IPHONEOS_DEPLOYMENT_TARGET = 12.4;
				MTL_ENABLE_DEBUG_INFO = NO;
				MTL_FAST_MATH = YES;
				SDKROOT = iphoneos;
				SWIFT_COMPILATION_MODE = wholemodule;
				SWIFT_OPTIMIZATION_LEVEL = "-O";
				VALIDATE_PRODUCT = YES;
			};
			name = Release;
		};
		6EFD1ED2231528F5005941F1 /* Debug */ = {
			isa = XCBuildConfiguration;
			baseConfigurationReference = 842B38F5B970C2C72915D687 /* Pods-eskiclient.debug.xcconfig */;
			buildSettings = {
				ASSETCATALOG_COMPILER_APPICON_NAME = AppIcon;
				CODE_SIGN_STYLE = Automatic;
				DEVELOPMENT_TEAM = J24764G4F3;
				INFOPLIST_FILE = eskiclient/Info.plist;
				LD_RUNPATH_SEARCH_PATHS = (
					"$(inherited)",
					"@executable_path/Frameworks",
				);
				PRODUCT_BUNDLE_IDENTIFIER = com.onurgenes.eskiclient;
				PRODUCT_NAME = "$(TARGET_NAME)";
				SWIFT_VERSION = 5.0;
				TARGETED_DEVICE_FAMILY = "1,2";
			};
			name = Debug;
		};
		6EFD1ED3231528F5005941F1 /* Release */ = {
			isa = XCBuildConfiguration;
			baseConfigurationReference = 232BE6828454E87804F7F1B0 /* Pods-eskiclient.release.xcconfig */;
			buildSettings = {
				ASSETCATALOG_COMPILER_APPICON_NAME = AppIcon;
				CODE_SIGN_STYLE = Automatic;
				DEVELOPMENT_TEAM = J24764G4F3;
				INFOPLIST_FILE = eskiclient/Info.plist;
				LD_RUNPATH_SEARCH_PATHS = (
					"$(inherited)",
					"@executable_path/Frameworks",
				);
				PRODUCT_BUNDLE_IDENTIFIER = com.onurgenes.eskiclient;
				PRODUCT_NAME = "$(TARGET_NAME)";
				SWIFT_VERSION = 5.0;
				TARGETED_DEVICE_FAMILY = "1,2";
			};
			name = Release;
		};
/* End XCBuildConfiguration section */

/* Begin XCConfigurationList section */
		6EFD1EBA231528F3005941F1 /* Build configuration list for PBXProject "eskiclient" */ = {
			isa = XCConfigurationList;
			buildConfigurations = (
				6EFD1ECF231528F5005941F1 /* Debug */,
				6EFD1ED0231528F5005941F1 /* Release */,
			);
			defaultConfigurationIsVisible = 0;
			defaultConfigurationName = Release;
		};
		6EFD1ED1231528F5005941F1 /* Build configuration list for PBXNativeTarget "eskiclient" */ = {
			isa = XCConfigurationList;
			buildConfigurations = (
				6EFD1ED2231528F5005941F1 /* Debug */,
				6EFD1ED3231528F5005941F1 /* Release */,
			);
			defaultConfigurationIsVisible = 0;
			defaultConfigurationName = Release;
		};
/* End XCConfigurationList section */
	};
	rootObject = 6EFD1EB7231528F3005941F1 /* Project object */;
}
